<?xml version="1.0" encoding="utf-8"?>
<Project ToolsVersion="4.0" xmlns="http://schemas.microsoft.com/developer/msbuild/2003">
  <ItemGroup>
    <Filter Include="Source Files">
      <UniqueIdentifier>{1E142D47-36D3-7740-9C7D-5F7ABC070098}</UniqueIdentifier>
      <Extensions>cpp;c;cc;cxx;def;odl;idl;hpj;bat;asm;asmx</Extensions>
    </Filter>
    <Filter Include="Header Files">
      <UniqueIdentifier>{6AC69C4B-9960-4D43-A898-F590CE31D5AC}</UniqueIdentifier>
      <Extensions>h;hh;hpp;hxx;hm;inl;inc;xsd</Extensions>
    </Filter>
    <Filter Include="Resource Files">
      <UniqueIdentifier>{2A9CF5DA-7433-EF49-AEB2-18C6C9D06AA0}</UniqueIdentifier>
      <Extensions>rc;ico;cur;bmp;dlg;rc2;rct;bin;rgs;gif;jpg;jpeg;jpe;resx;tiff;tif;png;wav;mfcribbon-ms</Extensions>
    </Filter>
    <Filter Include="assets">
      <UniqueIdentifier>{6678c446-5457-4565-9e43-a2ea2aafd732}</UniqueIdentifier>
    </Filter>
    <Filter Include="SharedCode">
      <UniqueIdentifier>{d9b8ed73-8bea-47e3-9885-0570f2dc3c9d}</UniqueIdentifier>
    </Filter>
    <Filter Include="SharedCode\core">
      <UniqueIdentifier>{800fdfab-6294-4b59-9b64-61f4d19faf75}</UniqueIdentifier>
    </Filter>
    <Filter Include="SharedCode\helpers">
      <UniqueIdentifier>{20e28efc-43fd-4019-8b52-5117d3eef0d4}</UniqueIdentifier>
    </Filter>
    <Filter Include="SharedCode\file">
      <UniqueIdentifier>{f1d6ab1d-0afd-4d09-bb9e-469ce20c4331}</UniqueIdentifier>
    </Filter>
    <Filter Include="SharedCode\ui">
      <UniqueIdentifier>{0f9457fb-6d70-40e5-b15d-db087ac38430}</UniqueIdentifier>
    </Filter>
    <Filter Include="SharedCode\glutess">
      <UniqueIdentifier>{1a77efb2-a423-430f-9840-dcff5c34cf4e}</UniqueIdentifier>
    </Filter>
  </ItemGroup>
  <ItemGroup>
    <ClCompile Include="Source\Invaders.cpp">
      <Filter>Source Files</Filter>
    </ClCompile>
    <ClCompile Include="..\..\SharedCode\core\Pi3Cbbox3d.cpp">
      <Filter>SharedCode\core</Filter>
    </ClCompile>
    <ClCompile Include="..\..\SharedCode\core\Pi3Ccollision.cpp">
      <Filter>SharedCode\core</Filter>
    </ClCompile>
    <ClCompile Include="..\..\SharedCode\core\Pi3Cfont.cpp">
      <Filter>SharedCode\core</Filter>
    </ClCompile>
    <ClCompile Include="..\..\SharedCode\core\Pi3CGL.cpp">
      <Filter>SharedCode\core</Filter>
    </ClCompile>
    <ClCompile Include="..\..\SharedCode\core\Pi3Cmaterial.cpp">
      <Filter>SharedCode\core</Filter>
    </ClCompile>
    <ClCompile Include="..\..\SharedCode\core\Pi3Cmatrix.cpp">
      <Filter>SharedCode\core</Filter>
    </ClCompile>
    <ClCompile Include="..\..\SharedCode\core\Pi3Cmesh.cpp">
      <Filter>SharedCode\core</Filter>
    </ClCompile>
    <ClCompile Include="..\..\SharedCode\core\Pi3Cmodel.cpp">
      <Filter>SharedCode\core</Filter>
    </ClCompile>
    <ClCompile Include="..\..\SharedCode\core\Pi3Cresource.cpp">
      <Filter>SharedCode\core</Filter>
    </ClCompile>
    <ClCompile Include="..\..\SharedCode\core\Pi3Cscene.cpp">
      <Filter>SharedCode\core</Filter>
    </ClCompile>
    <ClCompile Include="..\..\SharedCode\core\Pi3Cshader.cpp">
      <Filter>SharedCode\core</Filter>
    </ClCompile>
    <ClCompile Include="..\..\SharedCode\core\Pi3Ctexture.cpp">
      <Filter>SharedCode\core</Filter>
    </ClCompile>
    <ClCompile Include="..\..\SharedCode\core\Pi3Ctouch.cpp">
      <Filter>SharedCode\core</Filter>
    </ClCompile>
    <ClCompile Include="..\..\SharedCode\core\Pi3Cwin.cpp">
      <Filter>SharedCode\core</Filter>
    </ClCompile>
    <ClCompile Include="..\..\SharedCode\helpers\Pi3C.cpp">
      <Filter>SharedCode\helpers</Filter>
    </ClCompile>
    <ClCompile Include="..\..\SharedCode\helpers\Pi3Cavatar.cpp">
      <Filter>SharedCode\helpers</Filter>
    </ClCompile>
    <ClCompile Include="..\..\SharedCode\helpers\Pi3Chtml.cpp">
      <Filter>SharedCode\helpers</Filter>
    </ClCompile>
    <ClCompile Include="..\..\SharedCode\helpers\Pi3CloadOptions.cpp">
      <Filter>SharedCode\helpers</Filter>
    </ClCompile>
    <ClCompile Include="..\..\SharedCode\file\Pi3Cdirectory.cpp">
      <Filter>SharedCode\file</Filter>
    </ClCompile>
    <ClCompile Include="..\..\SharedCode\file\Pi3CfileOBJ.cpp">
      <Filter>SharedCode\file</Filter>
    </ClCompile>
    <ClCompile Include="..\..\SharedCode\ui\Pi3Cimgui.cpp">
      <Filter>SharedCode\ui</Filter>
    </ClCompile>
    <ClCompile Include="..\..\SharedCode\ui\Pi3Cstring.cpp">
      <Filter>SharedCode\ui</Filter>
    </ClCompile>
    <ClCompile Include="..\..\SharedCode\glutess\dict.c">
      <Filter>SharedCode\glutess</Filter>
    </ClCompile>
    <ClCompile Include="..\..\SharedCode\glutess\geom.c">
      <Filter>SharedCode\glutess</Filter>
    </ClCompile>
    <ClCompile Include="..\..\SharedCode\glutess\memalloc.c">
      <Filter>SharedCode\glutess</Filter>
    </ClCompile>
    <ClCompile Include="..\..\SharedCode\glutess\mesh.c">
      <Filter>SharedCode\glutess</Filter>
    </ClCompile>
    <ClCompile Include="..\..\SharedCode\glutess\normal.c">
      <Filter>SharedCode\glutess</Filter>
    </ClCompile>
    <ClCompile Include="..\..\SharedCode\glutess\priorityq.c">
      <Filter>SharedCode\glutess</Filter>
    </ClCompile>
    <ClCompile Include="..\..\SharedCode\glutess\render.c">
      <Filter>SharedCode\glutess</Filter>
    </ClCompile>
    <ClCompile Include="..\..\SharedCode\glutess\sweep.c">
      <Filter>SharedCode\glutess</Filter>
    </ClCompile>
    <ClCompile Include="..\..\SharedCode\glutess\tess.c">
      <Filter>SharedCode\glutess</Filter>
    </ClCompile>
    <ClCompile Include="..\..\SharedCode\glutess\tessellate.cpp">
      <Filter>SharedCode\glutess</Filter>
    </ClCompile>
    <ClCompile Include="..\..\SharedCode\glutess\tessmono.c">
      <Filter>SharedCode\glutess</Filter>
    </ClCompile>
    <ClCompile Include="..\..\SharedCode\helpers\Pi3Cpopulate.cpp">
      <Filter>SharedCode\helpers</Filter>
    </ClCompile>
    <ClCompile Include="..\..\SharedCode\helpers\Pi3Cshapes.cpp">
      <Filter>SharedCode\helpers</Filter>
    </ClCompile>
    <ClCompile Include="..\..\SharedCode\helpers\Pi3Cutils.cpp">
      <Filter>SharedCode\helpers</Filter>
    </ClCompile>
    <ClCompile Include="Source\aliens.cpp">
      <Filter>Source Files</Filter>
    </ClCompile>
    <ClCompile Include="Source\bullets.cpp">
      <Filter>Source Files</Filter>
    </ClCompile>
  </ItemGroup>
  <ItemGroup>
    <ClInclude Include="..\..\SharedCode\core\Pi3Cbbox3d.h">
      <Filter>SharedCode\core</Filter>
    </ClInclude>
    <ClInclude Include="..\..\SharedCode\core\Pi3Ccollision.h">
      <Filter>SharedCode\core</Filter>
    </ClInclude>
    <ClInclude Include="..\..\SharedCode\core\Pi3Cfont.h">
      <Filter>SharedCode\core</Filter>
    </ClInclude>
    <ClInclude Include="..\..\SharedCode\core\Pi3CGL.h">
      <Filter>SharedCode\core</Filter>
    </ClInclude>
    <ClInclude Include="..\..\SharedCode\core\Pi3Cmaterial.h">
      <Filter>SharedCode\core</Filter>
    </ClInclude>
    <ClInclude Include="..\..\SharedCode\core\Pi3Cmatrix.h">
      <Filter>SharedCode\core</Filter>
    </ClInclude>
    <ClInclude Include="..\..\SharedCode\core\Pi3Cmesh.h">
      <Filter>SharedCode\core</Filter>
    </ClInclude>
    <ClInclude Include="..\..\SharedCode\core\Pi3Cmodel.h">
      <Filter>SharedCode\core</Filter>
    </ClInclude>
    <ClInclude Include="..\..\SharedCode\core\Pi3Crect.h">
      <Filter>SharedCode\core</Filter>
    </ClInclude>
    <ClInclude Include="..\..\SharedCode\core\Pi3Cresource.h">
      <Filter>SharedCode\core</Filter>
    </ClInclude>
    <ClInclude Include="..\..\SharedCode\core\Pi3Cscene.h">
      <Filter>SharedCode\core</Filter>
    </ClInclude>
    <ClInclude Include="..\..\SharedCode\core\Pi3Cshader.h">
      <Filter>SharedCode\core</Filter>
    </ClInclude>
    <ClInclude Include="..\..\SharedCode\core\Pi3Csound.h">
      <Filter>SharedCode\core</Filter>
    </ClInclude>
    <ClInclude Include="..\..\SharedCode\core\Pi3Ctextformat.h">
      <Filter>SharedCode\core</Filter>
    </ClInclude>
    <ClInclude Include="..\..\SharedCode\core\Pi3Ctexture.h">
      <Filter>SharedCode\core</Filter>
    </ClInclude>
    <ClInclude Include="..\..\SharedCode\core\Pi3Ctouch.h">
      <Filter>SharedCode\core</Filter>
    </ClInclude>
    <ClInclude Include="..\..\SharedCode\core\Pi3Cvector.h">
      <Filter>SharedCode\core</Filter>
    </ClInclude>
    <ClInclude Include="..\..\SharedCode\core\Pi3Cwin.h">
      <Filter>SharedCode\core</Filter>
    </ClInclude>
    <ClInclude Include="..\..\SharedCode\helpers\Pi3C.h">
      <Filter>SharedCode\helpers</Filter>
    </ClInclude>
    <ClInclude Include="..\..\SharedCode\helpers\Pi3Cavatar.h">
      <Filter>SharedCode\helpers</Filter>
    </ClInclude>
    <ClInclude Include="..\..\SharedCode\helpers\Pi3Chtml.h">
      <Filter>SharedCode\helpers</Filter>
    </ClInclude>
    <ClInclude Include="..\..\SharedCode\helpers\Pi3CloadOptions.h">
      <Filter>SharedCode\helpers</Filter>
    </ClInclude>
    <ClInclude Include="..\..\SharedCode\file\Pi3Cdirectory.h">
      <Filter>SharedCode\file</Filter>
    </ClInclude>
    <ClInclude Include="..\..\SharedCode\file\Pi3CfileOBJ.h">
      <Filter>SharedCode\file</Filter>
    </ClInclude>
    <ClInclude Include="..\..\SharedCode\ui\Pi3Cimgui.h">
      <Filter>SharedCode\ui</Filter>
    </ClInclude>
    <ClInclude Include="..\..\SharedCode\ui\Pi3Cstring.h">
      <Filter>SharedCode\ui</Filter>
    </ClInclude>
    <ClInclude Include="..\..\SharedCode\glutess\dict.h">
      <Filter>SharedCode\glutess</Filter>
    </ClInclude>
    <ClInclude Include="..\..\SharedCode\glutess\dict-list.h">
      <Filter>SharedCode\glutess</Filter>
    </ClInclude>
    <ClInclude Include="..\..\SharedCode\glutess\geom.h">
      <Filter>SharedCode\glutess</Filter>
    </ClInclude>
    <ClInclude Include="..\..\SharedCode\glutess\gluos.h">
      <Filter>SharedCode\glutess</Filter>
    </ClInclude>
    <ClInclude Include="..\..\SharedCode\glutess\glutess.h">
      <Filter>SharedCode\glutess</Filter>
    </ClInclude>
    <ClInclude Include="..\..\SharedCode\glutess\memalloc.h">
      <Filter>SharedCode\glutess</Filter>
    </ClInclude>
    <ClInclude Include="..\..\SharedCode\glutess\mesh.h">
      <Filter>SharedCode\glutess</Filter>
    </ClInclude>
    <ClInclude Include="..\..\SharedCode\glutess\normal.h">
      <Filter>SharedCode\glutess</Filter>
    </ClInclude>
    <ClInclude Include="..\..\SharedCode\glutess\priorityq.h">
      <Filter>SharedCode\glutess</Filter>
    </ClInclude>
    <ClInclude Include="..\..\SharedCode\glutess\priorityq-heap.h">
      <Filter>SharedCode\glutess</Filter>
    </ClInclude>
    <ClInclude Include="..\..\SharedCode\glutess\priorityq-sort.h">
      <Filter>SharedCode\glutess</Filter>
    </ClInclude>
    <ClInclude Include="..\..\SharedCode\glutess\render.h">
      <Filter>SharedCode\glutess</Filter>
    </ClInclude>
    <ClInclude Include="..\..\SharedCode\glutess\sweep.h">
      <Filter>SharedCode\glutess</Filter>
    </ClInclude>
    <ClInclude Include="..\..\SharedCode\glutess\tess.h">
      <Filter>SharedCode\glutess</Filter>
    </ClInclude>
    <ClInclude Include="..\..\SharedCode\glutess\tessellate.h">
      <Filter>SharedCode\glutess</Filter>
    </ClInclude>
    <ClInclude Include="..\..\SharedCode\glutess\tessmono.h">
      <Filter>SharedCode\glutess</Filter>
    </ClInclude>
    <ClInclude Include="..\..\SharedCode\helpers\Pi3Cpopulate.h">
      <Filter>SharedCode\helpers</Filter>
    </ClInclude>
    <ClInclude Include="..\..\SharedCode\helpers\Pi3Cshapes.h">
      <Filter>SharedCode\helpers</Filter>
    </ClInclude>
    <ClInclude Include="..\..\SharedCode\helpers\Pi3Cutils.h">
      <Filter>SharedCode\helpers</Filter>
    </ClInclude>
    <ClInclude Include="Source\aliens.h">
      <Filter>Source Files</Filter>
    </ClInclude>
    <ClInclude Include="Source\bullets.h">
      <Filter>Source Files</Filter>
    </ClInclude>
  </ItemGroup>
  <ItemGroup>
    <None Include="assets\shaders\fs1.glsl">
      <Filter>Assets</Filter>
    </None>
    <None Include="assets\shaders\vs1.glsl">
      <Filter>Assets</Filter>
    </None>
    <None Include="..\..\SharedCode\glutess\LICENSE">
      <Filter>SharedCode\glutess</Filter>
    </None>
    <None Include="..\..\SharedCode\glutess\README.md">
      <Filter>SharedCode\glutess</Filter>
    </None>
  </ItemGroup>
</Project>