<?xml version="1.0" encoding="utf-8"?>
<Project ToolsVersion="4.0" xmlns="http://schemas.microsoft.com/developer/msbuild/2003">
  <ItemGroup>
    <Filter Include="Source Files">
      <UniqueIdentifier>{1E142D47-36D3-7740-9C7D-5F7ABC070098}</UniqueIdentifier>
      <Extensions>cpp;c;cc;cxx;def;odl;idl;hpj;bat;asm;asmx</Extensions>
    </Filter>
    <Filter Include="Header Files">
      <UniqueIdentifier>{6AC69C4B-9960-4D43-A898-F590CE31D5AC}</UniqueIdentifier>
      <Extensions>h;hh;hpp;hxx;hm;inl;inc;xsd</Extensions>
    </Filter>
    <Filter Include="Resource Files">
      <UniqueIdentifier>{2A9CF5DA-7433-EF49-AEB2-18C6C9D06AA0}</UniqueIdentifier>
      <Extensions>rc;ico;cur;bmp;dlg;rc2;rct;bin;rgs;gif;jpg;jpeg;jpe;resx;tiff;tif;png;wav;mfcribbon-ms</Extensions>
    </Filter>
    <Filter Include="assets">
      <UniqueIdentifier>{6678c446-5457-4565-9e43-a2ea2aafd732}</UniqueIdentifier>
    </Filter>
    <Filter Include="Shared Code">
      <UniqueIdentifier>{e485b0ed-ffb5-419e-8327-96ab507b5935}</UniqueIdentifier>
    </Filter>
    <Filter Include="Shared Code\file">
      <UniqueIdentifier>{fc74154a-6b0d-4488-9aa3-04b6b3d75e26}</UniqueIdentifier>
    </Filter>
    <Filter Include="Shared Code\ui">
      <UniqueIdentifier>{aae40517-da35-437f-98a3-b87096ca01a1}</UniqueIdentifier>
    </Filter>
    <Filter Include="Shared Code\helpers">
      <UniqueIdentifier>{b988fb8c-7b5d-47ab-8dc2-fa719d29b0e1}</UniqueIdentifier>
    </Filter>
    <Filter Include="Shared Code\glutess">
      <UniqueIdentifier>{700f6998-0c93-45f9-a739-780b60031288}</UniqueIdentifier>
    </Filter>
    <Filter Include="Shared Code\core">
      <UniqueIdentifier>{56c8bfdf-a7a9-4bd3-b007-cdd71b5aa6fd}</UniqueIdentifier>
    </Filter>
  </ItemGroup>
  <ItemGroup>
    <ClCompile Include="Source\Volcano.cpp">
      <Filter>Source Files</Filter>
    </ClCompile>
    <ClCompile Include="..\..\SharedCode\glutess\dict.c">
      <Filter>Shared Code\glutess</Filter>
    </ClCompile>
    <ClCompile Include="..\..\SharedCode\glutess\geom.c">
      <Filter>Shared Code\glutess</Filter>
    </ClCompile>
    <ClCompile Include="..\..\SharedCode\glutess\memalloc.c">
      <Filter>Shared Code\glutess</Filter>
    </ClCompile>
    <ClCompile Include="..\..\SharedCode\glutess\mesh.c">
      <Filter>Shared Code\glutess</Filter>
    </ClCompile>
    <ClCompile Include="..\..\SharedCode\glutess\normal.c">
      <Filter>Shared Code\glutess</Filter>
    </ClCompile>
    <ClCompile Include="..\..\SharedCode\glutess\priorityq.c">
      <Filter>Shared Code\glutess</Filter>
    </ClCompile>
    <ClCompile Include="..\..\SharedCode\glutess\render.c">
      <Filter>Shared Code\glutess</Filter>
    </ClCompile>
    <ClCompile Include="..\..\SharedCode\glutess\sweep.c">
      <Filter>Shared Code\glutess</Filter>
    </ClCompile>
    <ClCompile Include="..\..\SharedCode\glutess\tess.c">
      <Filter>Shared Code\glutess</Filter>
    </ClCompile>
    <ClCompile Include="..\..\SharedCode\glutess\tessellate.cpp">
      <Filter>Shared Code\glutess</Filter>
    </ClCompile>
    <ClCompile Include="..\..\SharedCode\glutess\tessmono.c">
      <Filter>Shared Code\glutess</Filter>
    </ClCompile>
    <ClCompile Include="..\..\SharedCode\file\Pi3CfileOBJ.cpp">
      <Filter>Shared Code\file</Filter>
    </ClCompile>
    <ClCompile Include="..\..\SharedCode\helpers\Pi3Cavatar.cpp">
      <Filter>Shared Code\helpers</Filter>
    </ClCompile>
    <ClCompile Include="..\..\SharedCode\helpers\Pi3Chumanoid.cpp">
      <Filter>Shared Code\helpers</Filter>
    </ClCompile>
    <ClCompile Include="..\..\SharedCode\helpers\Pi3CloadOptions.cpp">
      <Filter>Shared Code\helpers</Filter>
    </ClCompile>
    <ClCompile Include="..\..\SharedCode\core\Pi3Cbbox3d.cpp">
      <Filter>Shared Code\core</Filter>
    </ClCompile>
    <ClCompile Include="..\..\SharedCode\core\Pi3Ccollision.cpp">
      <Filter>Shared Code\core</Filter>
    </ClCompile>
    <ClCompile Include="..\..\SharedCode\core\Pi3CGL.cpp">
      <Filter>Shared Code\core</Filter>
    </ClCompile>
    <ClCompile Include="..\..\SharedCode\core\Pi3Cmaterial.cpp">
      <Filter>Shared Code\core</Filter>
    </ClCompile>
    <ClCompile Include="..\..\SharedCode\core\Pi3Cmatrix.cpp">
      <Filter>Shared Code\core</Filter>
    </ClCompile>
    <ClCompile Include="..\..\SharedCode\core\Pi3Cmesh.cpp">
      <Filter>Shared Code\core</Filter>
    </ClCompile>
    <ClCompile Include="..\..\SharedCode\core\Pi3Cmodel.cpp">
      <Filter>Shared Code\core</Filter>
    </ClCompile>
    <ClCompile Include="..\..\SharedCode\core\Pi3Cresource.cpp">
      <Filter>Shared Code\core</Filter>
    </ClCompile>
    <ClCompile Include="..\..\SharedCode\core\Pi3Cscene.cpp">
      <Filter>Shared Code\core</Filter>
    </ClCompile>
    <ClCompile Include="..\..\SharedCode\core\Pi3Cshader.cpp">
      <Filter>Shared Code\core</Filter>
    </ClCompile>
    <ClCompile Include="..\..\SharedCode\core\Pi3Cshapes.cpp">
      <Filter>Shared Code\core</Filter>
    </ClCompile>
    <ClCompile Include="..\..\SharedCode\core\Pi3Ctexture.cpp">
      <Filter>Shared Code\core</Filter>
    </ClCompile>
    <ClCompile Include="..\..\SharedCode\core\Pi3Ctouch.cpp">
      <Filter>Shared Code\core</Filter>
    </ClCompile>
    <ClCompile Include="..\..\SharedCode\core\Pi3Ctriangle.cpp">
      <Filter>Shared Code\core</Filter>
    </ClCompile>
    <ClCompile Include="..\..\SharedCode\core\Pi3Cwin.cpp">
      <Filter>Shared Code\core</Filter>
    </ClCompile>
    <ClCompile Include="..\..\SharedCode\core\Pi3Cfont.cpp">
      <Filter>Shared Code\core</Filter>
    </ClCompile>
    <ClCompile Include="..\..\SharedCode\ui\Pi3Cimgui.cpp">
      <Filter>Shared Code\ui</Filter>
    </ClCompile>
    <ClCompile Include="..\..\SharedCode\file\Pi3Cdirectory.cpp">
      <Filter>Shared Code\file</Filter>
    </ClCompile>
    <ClCompile Include="..\..\SharedCode\helpers\Pi3Chtml.cpp">
      <Filter>Shared Code\helpers</Filter>
    </ClCompile>
    <ClCompile Include="..\..\SharedCode\helpers\Pi3C.cpp">
      <Filter>Shared Code\helpers</Filter>
    </ClCompile>
    <ClCompile Include="..\..\SharedCode\ui\Pi3Cstring.cpp">
      <Filter>Shared Code\ui</Filter>
    </ClCompile>
  </ItemGroup>
  <ItemGroup>
    <ClInclude Include="..\..\SharedCode\glutess\dict.h">
      <Filter>Shared Code\glutess</Filter>
    </ClInclude>
    <ClInclude Include="..\..\SharedCode\glutess\dict-list.h">
      <Filter>Shared Code\glutess</Filter>
    </ClInclude>
    <ClInclude Include="..\..\SharedCode\glutess\geom.h">
      <Filter>Shared Code\glutess</Filter>
    </ClInclude>
    <ClInclude Include="..\..\SharedCode\glutess\gluos.h">
      <Filter>Shared Code\glutess</Filter>
    </ClInclude>
    <ClInclude Include="..\..\SharedCode\glutess\glutess.h">
      <Filter>Shared Code\glutess</Filter>
    </ClInclude>
    <ClInclude Include="..\..\SharedCode\glutess\memalloc.h">
      <Filter>Shared Code\glutess</Filter>
    </ClInclude>
    <ClInclude Include="..\..\SharedCode\glutess\mesh.h">
      <Filter>Shared Code\glutess</Filter>
    </ClInclude>
    <ClInclude Include="..\..\SharedCode\glutess\normal.h">
      <Filter>Shared Code\glutess</Filter>
    </ClInclude>
    <ClInclude Include="..\..\SharedCode\glutess\priorityq.h">
      <Filter>Shared Code\glutess</Filter>
    </ClInclude>
    <ClInclude Include="..\..\SharedCode\glutess\priorityq-heap.h">
      <Filter>Shared Code\glutess</Filter>
    </ClInclude>
    <ClInclude Include="..\..\SharedCode\glutess\priorityq-sort.h">
      <Filter>Shared Code\glutess</Filter>
    </ClInclude>
    <ClInclude Include="..\..\SharedCode\glutess\render.h">
      <Filter>Shared Code\glutess</Filter>
    </ClInclude>
    <ClInclude Include="..\..\SharedCode\glutess\sweep.h">
      <Filter>Shared Code\glutess</Filter>
    </ClInclude>
    <ClInclude Include="..\..\SharedCode\glutess\tess.h">
      <Filter>Shared Code\glutess</Filter>
    </ClInclude>
    <ClInclude Include="..\..\SharedCode\glutess\tessellate.h">
      <Filter>Shared Code\glutess</Filter>
    </ClInclude>
    <ClInclude Include="..\..\SharedCode\glutess\tessmono.h">
      <Filter>Shared Code\glutess</Filter>
    </ClInclude>
    <ClInclude Include="..\..\SharedCode\file\Pi3CfileOBJ.h">
      <Filter>Shared Code\file</Filter>
    </ClInclude>
    <ClInclude Include="..\..\SharedCode\helpers\Pi3Cavatar.h">
      <Filter>Shared Code\helpers</Filter>
    </ClInclude>
    <ClInclude Include="..\..\SharedCode\helpers\Pi3Chumanoid.h">
      <Filter>Shared Code\helpers</Filter>
    </ClInclude>
    <ClInclude Include="..\..\SharedCode\helpers\Pi3CloadOptions.h">
      <Filter>Shared Code\helpers</Filter>
    </ClInclude>
    <ClInclude Include="..\..\SharedCode\core\Pi3Cbbox3d.h">
      <Filter>Shared Code\core</Filter>
    </ClInclude>
    <ClInclude Include="..\..\SharedCode\core\Pi3Ccollision.h">
      <Filter>Shared Code\core</Filter>
    </ClInclude>
    <ClInclude Include="..\..\SharedCode\core\Pi3CGL.h">
      <Filter>Shared Code\core</Filter>
    </ClInclude>
    <ClInclude Include="..\..\SharedCode\core\Pi3Cmaterial.h">
      <Filter>Shared Code\core</Filter>
    </ClInclude>
    <ClInclude Include="..\..\SharedCode\core\Pi3Cmatrix.h">
      <Filter>Shared Code\core</Filter>
    </ClInclude>
    <ClInclude Include="..\..\SharedCode\core\Pi3Cmesh.h">
      <Filter>Shared Code\core</Filter>
    </ClInclude>
    <ClInclude Include="..\..\SharedCode\core\Pi3Cmodel.h">
      <Filter>Shared Code\core</Filter>
    </ClInclude>
    <ClInclude Include="..\..\SharedCode\core\Pi3Cresource.h">
      <Filter>Shared Code\core</Filter>
    </ClInclude>
    <ClInclude Include="..\..\SharedCode\core\Pi3Cscene.h">
      <Filter>Shared Code\core</Filter>
    </ClInclude>
    <ClInclude Include="..\..\SharedCode\core\Pi3Cshader.h">
      <Filter>Shared Code\core</Filter>
    </ClInclude>
    <ClInclude Include="..\..\SharedCode\core\Pi3Cshapes.h">
      <Filter>Shared Code\core</Filter>
    </ClInclude>
    <ClInclude Include="..\..\SharedCode\core\Pi3Ctexture.h">
      <Filter>Shared Code\core</Filter>
    </ClInclude>
    <ClInclude Include="..\..\SharedCode\core\Pi3Ctouch.h">
      <Filter>Shared Code\core</Filter>
    </ClInclude>
    <ClInclude Include="..\..\SharedCode\core\Pi3Ctriangle.h">
      <Filter>Shared Code\core</Filter>
    </ClInclude>
    <ClInclude Include="..\..\SharedCode\core\Pi3Cvector.h">
      <Filter>Shared Code\core</Filter>
    </ClInclude>
    <ClInclude Include="..\..\SharedCode\core\Pi3Cwin.h">
      <Filter>Shared Code\core</Filter>
    </ClInclude>
    <ClInclude Include="..\..\SharedCode\core\Pi3Csound.h">
      <Filter>Shared Code\core</Filter>
    </ClInclude>
    <ClInclude Include="..\..\SharedCode\core\Pi3Cfont.h">
      <Filter>Shared Code\core</Filter>
    </ClInclude>
    <ClInclude Include="..\..\SharedCode\ui\Pi3Cimgui.h">
      <Filter>Shared Code\ui</Filter>
    </ClInclude>
    <ClInclude Include="..\..\SharedCode\file\Pi3Cdirectory.h">
      <Filter>Shared Code\file</Filter>
    </ClInclude>
    <ClInclude Include="..\..\SharedCode\core\Pi3Ctextformat.h">
      <Filter>Shared Code\core</Filter>
    </ClInclude>
    <ClInclude Include="..\..\SharedCode\helpers\Pi3Chtml.h">
      <Filter>Shared Code\helpers</Filter>
    </ClInclude>
    <ClInclude Include="..\..\SharedCode\helpers\Pi3C.h">
      <Filter>Shared Code\helpers</Filter>
    </ClInclude>
    <ClInclude Include="..\..\SharedCode\ui\Pi3Cstring.h">
      <Filter>Shared Code\ui</Filter>
    </ClInclude>
  </ItemGroup>
  <ItemGroup>
    <None Include="Shaders\fs1.glsl">
      <Filter>assets</Filter>
    </None>
    <None Include="Shaders\vs1.glsl">
      <Filter>assets</Filter>
    </None>
    <None Include="..\..\SharedCode\glutess\LICENSE">
      <Filter>Shared Code\glutess</Filter>
    </None>
    <None Include="..\..\SharedCode\glutess\README.md">
      <Filter>Shared Code\glutess</Filter>
    </None>
  </ItemGroup>
</Project>